
Microsoft Visual Studio Solution File, Format Version 12.00
# Visual Studio 2012
Project("{FAE04EC0-301F-11D3-BF4B-00C04F79EFBC}") = "week1", "week1\week1.csproj", "{6E319A24-2BA9-404A-B7A3-C3CA674C66D2}"
EndProject
Project("{FAE04EC0-301F-11D3-BF4B-00C04F79EFBC}") = "LibraryExample", "LibraryExample\LibraryExample.csproj", "{D99EEC6D-0821-42D1-98C5-2945B4F6ABD2}"
EndProject
Project("{2150E333-8FDC-42A3-9474-1A3956D46DE8}") = "OtherStuff", "OtherStuff", "{214B6B1E-51C6-43F5-8082-4F4A660E8B94}"
EndProject
Project("{FAE04EC0-301F-11D3-BF4B-00C04F79EFBC}") = "ConsoleApplicationExample", "ConsoleApplicationExample\ConsoleApplicationExample.csproj", "{17540DD0-B9DD-4B2C-A15D-6279F503B0B0}"
EndProject
Project("{2150E333-8FDC-42A3-9474-1A3956D46DE8}") = "Chapter3", "Chapter3", "{6E564CDF-B7BF-400B-AC00-E047D68A2EE9}"
EndProject
Project("{FAE04EC0-301F-11D3-BF4B-00C04F79EFBC}") = "Chapter3", "Chapter3\Chapter3.csproj", "{ADDA5B29-C91E-45D0-A5C6-FBF08B58B1FA}"
EndProject
Project("{2150E333-8FDC-42A3-9474-1A3956D46DE8}") = "Chapter4", "Chapter4", "{410D1F10-28CF-44E5-92EE-B7E37001CBBB}"
EndProject
Project("{FAE04EC0-301F-11D3-BF4B-00C04F79EFBC}") = "Chapter4", "Chapter4\Chapter4.csproj", "{D6373E86-42AB-4D97-A8A7-F2B8576E61BB}"
EndProject
Project("{2150E333-8FDC-42A3-9474-1A3956D46DE8}") = "Chapter5", "Chapter5", "{3BB164B4-D509-4455-BA1A-343ECE190EBC}"
EndProject
Project("{FAE04EC0-301F-11D3-BF4B-00C04F79EFBC}") = "Chapter5", "Chapter5\Chapter5.csproj", "{4E240477-554C-4A71-936B-FB5DC4136CA5}"
EndProject
Global
	GlobalSection(SolutionConfigurationPlatforms) = preSolution
		Debug|Any CPU = Debug|Any CPU
		Debug|Mixed Platforms = Debug|Mixed Platforms
		Debug|x86 = Debug|x86
		Release|Any CPU = Release|Any CPU
		Release|Mixed Platforms = Release|Mixed Platforms
		Release|x86 = Release|x86
	EndGlobalSection
	GlobalSection(ProjectConfigurationPlatforms) = postSolution
		{6E319A24-2BA9-404A-B7A3-C3CA674C66D2}.Debug|Any CPU.ActiveCfg = Debug|Any CPU
		{6E319A24-2BA9-404A-B7A3-C3CA674C66D2}.Debug|Any CPU.Build.0 = Debug|Any CPU
		{6E319A24-2BA9-404A-B7A3-C3CA674C66D2}.Debug|Mixed Platforms.ActiveCfg = Debug|Any CPU
		{6E319A24-2BA9-404A-B7A3-C3CA674C66D2}.Debug|Mixed Platforms.Build.0 = Debug|Any CPU
		{6E319A24-2BA9-404A-B7A3-C3CA674C66D2}.Debug|x86.ActiveCfg = Debug|Any CPU
		{6E319A24-2BA9-404A-B7A3-C3CA674C66D2}.Release|Any CPU.ActiveCfg = Release|Any CPU
		{6E319A24-2BA9-404A-B7A3-C3CA674C66D2}.Release|Any CPU.Build.0 = Release|Any CPU
		{6E319A24-2BA9-404A-B7A3-C3CA674C66D2}.Release|Mixed Platforms.ActiveCfg = Release|Any CPU
		{6E319A24-2BA9-404A-B7A3-C3CA674C66D2}.Release|Mixed Platforms.Build.0 = Release|Any CPU
		{6E319A24-2BA9-404A-B7A3-C3CA674C66D2}.Release|x86.ActiveCfg = Release|Any CPU
		{D99EEC6D-0821-42D1-98C5-2945B4F6ABD2}.Debug|Any CPU.ActiveCfg = Debug|Any CPU
		{D99EEC6D-0821-42D1-98C5-2945B4F6ABD2}.Debug|Any CPU.Build.0 = Debug|Any CPU
		{D99EEC6D-0821-42D1-98C5-2945B4F6ABD2}.Debug|Mixed Platforms.ActiveCfg = Debug|Any CPU
		{D99EEC6D-0821-42D1-98C5-2945B4F6ABD2}.Debug|Mixed Platforms.Build.0 = Debug|Any CPU
		{D99EEC6D-0821-42D1-98C5-2945B4F6ABD2}.Debug|x86.ActiveCfg = Debug|Any CPU
		{D99EEC6D-0821-42D1-98C5-2945B4F6ABD2}.Release|Any CPU.ActiveCfg = Release|Any CPU
		{D99EEC6D-0821-42D1-98C5-2945B4F6ABD2}.Release|Any CPU.Build.0 = Release|Any CPU
		{D99EEC6D-0821-42D1-98C5-2945B4F6ABD2}.Release|Mixed Platforms.ActiveCfg = Release|Any CPU
		{D99EEC6D-0821-42D1-98C5-2945B4F6ABD2}.Release|Mixed Platforms.Build.0 = Release|Any CPU
		{D99EEC6D-0821-42D1-98C5-2945B4F6ABD2}.Release|x86.ActiveCfg = Release|Any CPU
		{17540DD0-B9DD-4B2C-A15D-6279F503B0B0}.Debug|Any CPU.ActiveCfg = Debug|x86
		{17540DD0-B9DD-4B2C-A15D-6279F503B0B0}.Debug|Mixed Platforms.ActiveCfg = Debug|x86
		{17540DD0-B9DD-4B2C-A15D-6279F503B0B0}.Debug|Mixed Platforms.Build.0 = Debug|x86
		{17540DD0-B9DD-4B2C-A15D-6279F503B0B0}.Debug|x86.ActiveCfg = Debug|x86
		{17540DD0-B9DD-4B2C-A15D-6279F503B0B0}.Debug|x86.Build.0 = Debug|x86
		{17540DD0-B9DD-4B2C-A15D-6279F503B0B0}.Release|Any CPU.ActiveCfg = Release|x86
		{17540DD0-B9DD-4B2C-A15D-6279F503B0B0}.Release|Mixed Platforms.ActiveCfg = Release|x86
		{17540DD0-B9DD-4B2C-A15D-6279F503B0B0}.Release|Mixed Platforms.Build.0 = Release|x86
		{17540DD0-B9DD-4B2C-A15D-6279F503B0B0}.Release|x86.ActiveCfg = Release|x86
		{17540DD0-B9DD-4B2C-A15D-6279F503B0B0}.Release|x86.Build.0 = Release|x86
		{ADDA5B29-C91E-45D0-A5C6-FBF08B58B1FA}.Debug|Any CPU.ActiveCfg = Debug|Any CPU
		{ADDA5B29-C91E-45D0-A5C6-FBF08B58B1FA}.Debug|Any CPU.Build.0 = Debug|Any CPU
		{ADDA5B29-C91E-45D0-A5C6-FBF08B58B1FA}.Debug|Mixed Platforms.ActiveCfg = Debug|Any CPU
		{ADDA5B29-C91E-45D0-A5C6-FBF08B58B1FA}.Debug|Mixed Platforms.Build.0 = Debug|Any CPU
		{ADDA5B29-C91E-45D0-A5C6-FBF08B58B1FA}.Debug|x86.ActiveCfg = Debug|Any CPU
		{ADDA5B29-C91E-45D0-A5C6-FBF08B58B1FA}.Release|Any CPU.ActiveCfg = Release|Any CPU
		{ADDA5B29-C91E-45D0-A5C6-FBF08B58B1FA}.Release|Any CPU.Build.0 = Release|Any CPU
		{ADDA5B29-C91E-45D0-A5C6-FBF08B58B1FA}.Release|Mixed Platforms.ActiveCfg = Release|Any CPU
		{ADDA5B29-C91E-45D0-A5C6-FBF08B58B1FA}.Release|Mixed Platforms.Build.0 = Release|Any CPU
		{ADDA5B29-C91E-45D0-A5C6-FBF08B58B1FA}.Release|x86.ActiveCfg = Release|Any CPU
		{D6373E86-42AB-4D97-A8A7-F2B8576E61BB}.Debug|Any CPU.ActiveCfg = Debug|Any CPU
		{D6373E86-42AB-4D97-A8A7-F2B8576E61BB}.Debug|Any CPU.Build.0 = Debug|Any CPU
		{D6373E86-42AB-4D97-A8A7-F2B8576E61BB}.Debug|Mixed Platforms.ActiveCfg = Debug|Any CPU
		{D6373E86-42AB-4D97-A8A7-F2B8576E61BB}.Debug|Mixed Platforms.Build.0 = Debug|Any CPU
		{D6373E86-42AB-4D97-A8A7-F2B8576E61BB}.Debug|x86.ActiveCfg = Debug|Any CPU
		{D6373E86-42AB-4D97-A8A7-F2B8576E61BB}.Release|Any CPU.ActiveCfg = Release|Any CPU
		{D6373E86-42AB-4D97-A8A7-F2B8576E61BB}.Release|Any CPU.Build.0 = Release|Any CPU
		{D6373E86-42AB-4D97-A8A7-F2B8576E61BB}.Release|Mixed Platforms.ActiveCfg = Release|Any CPU
		{D6373E86-42AB-4D97-A8A7-F2B8576E61BB}.Release|Mixed Platforms.Build.0 = Release|Any CPU
		{D6373E86-42AB-4D97-A8A7-F2B8576E61BB}.Release|x86.ActiveCfg = Release|Any CPU
		{4E240477-554C-4A71-936B-FB5DC4136CA5}.Debug|Any CPU.ActiveCfg = Debug|Any CPU
		{4E240477-554C-4A71-936B-FB5DC4136CA5}.Debug|Any CPU.Build.0 = Debug|Any CPU
		{4E240477-554C-4A71-936B-FB5DC4136CA5}.Debug|Mixed Platforms.ActiveCfg = Debug|Any CPU
		{4E240477-554C-4A71-936B-FB5DC4136CA5}.Debug|Mixed Platforms.Build.0 = Debug|Any CPU
		{4E240477-554C-4A71-936B-FB5DC4136CA5}.Debug|x86.ActiveCfg = Debug|Any CPU
		{4E240477-554C-4A71-936B-FB5DC4136CA5}.Release|Any CPU.ActiveCfg = Release|Any CPU
		{4E240477-554C-4A71-936B-FB5DC4136CA5}.Release|Any CPU.Build.0 = Release|Any CPU
		{4E240477-554C-4A71-936B-FB5DC4136CA5}.Release|Mixed Platforms.ActiveCfg = Release|Any CPU
		{4E240477-554C-4A71-936B-FB5DC4136CA5}.Release|Mixed Platforms.Build.0 = Release|Any CPU
		{4E240477-554C-4A71-936B-FB5DC4136CA5}.Release|x86.ActiveCfg = Release|Any CPU
	EndGlobalSection
	GlobalSection(SolutionProperties) = preSolution
		HideSolutionNode = FALSE
	EndGlobalSection
	GlobalSection(NestedProjects) = preSolution
		{D99EEC6D-0821-42D1-98C5-2945B4F6ABD2} = {214B6B1E-51C6-43F5-8082-4F4A660E8B94}
		{ADDA5B29-C91E-45D0-A5C6-FBF08B58B1FA} = {6E564CDF-B7BF-400B-AC00-E047D68A2EE9}
		{D6373E86-42AB-4D97-A8A7-F2B8576E61BB} = {410D1F10-28CF-44E5-92EE-B7E37001CBBB}
		{4E240477-554C-4A71-936B-FB5DC4136CA5} = {3BB164B4-D509-4455-BA1A-343ECE190EBC}
	EndGlobalSection
EndGlobal
