
Microsoft Visual Studio Solution File, Format Version 12.00
# Visual Studio 2012
Project("{FAE04EC0-301F-11D3-BF4B-00C04F79EFBC}") = "week1", "week1\week1.csproj", "{6E319A24-2BA9-404A-B7A3-C3CA674C66D2}"
EndProject
Project("{FAE04EC0-301F-11D3-BF4B-00C04F79EFBC}") = "LibraryExample", "LibraryExample\LibraryExample.csproj", "{D99EEC6D-0821-42D1-98C5-2945B4F6ABD2}"
EndProject
Project("{2150E333-8FDC-42A3-9474-1A3956D46DE8}") = "OtherStuff", "OtherStuff", "{214B6B1E-51C6-43F5-8082-4F4A660E8B94}"
EndProject
Project("{FAE04EC0-301F-11D3-BF4B-00C04F79EFBC}") = "ConsoleApplicationExample", "ConsoleApplicationExample\ConsoleApplicationExample.csproj", "{17540DD0-B9DD-4B2C-A15D-6279F503B0B0}"
EndProject
Project("{FAE04EC0-301F-11D3-BF4B-00C04F79EFBC}") = "Chapter3", "Chapter3\Chapter3.csproj", "{ADDA5B29-C91E-45D0-A5C6-FBF08B58B1FA}"
EndProject
Project("{FAE04EC0-301F-11D3-BF4B-00C04F79EFBC}") = "Chapter4", "Chapter4\Chapter4.csproj", "{D6373E86-42AB-4D97-A8A7-F2B8576E61BB}"
EndProject
Project("{FAE04EC0-301F-11D3-BF4B-00C04F79EFBC}") = "Chapter5", "Chapter5\Chapter5.csproj", "{4E240477-554C-4A71-936B-FB5DC4136CA5}"
EndProject
Project("{FAE04EC0-301F-11D3-BF4B-00C04F79EFBC}") = "Chapter6", "Chapter6\Chapter6.csproj", "{910E0374-1735-480B-A17F-2BF087AED924}"
EndProject
Project("{FAE04EC0-301F-11D3-BF4B-00C04F79EFBC}") = "Chapter7", "Chapter7\Chapter7.csproj", "{EC9E5194-39CC-491A-9A91-C5007AB92B55}"
EndProject
Project("{FAE04EC0-301F-11D3-BF4B-00C04F79EFBC}") = "Challenge1", "Challenge1\Challenge1.csproj", "{132794C9-2780-42EB-87F5-BF351C31D690}"
EndProject
Project("{FAE04EC0-301F-11D3-BF4B-00C04F79EFBC}") = "Chapter8", "Chapter8\Chapter8.csproj", "{76A0B9E3-CCA0-4940-A6EA-B83E5D3C40C7}"
EndProject
Project("{FAE04EC0-301F-11D3-BF4B-00C04F79EFBC}") = "Challenge2", "Challenge2\Challenge2.csproj", "{681C30A7-E32C-4E06-8DCB-57763077FE9C}"
EndProject
Project("{FAE04EC0-301F-11D3-BF4B-00C04F79EFBC}") = "Timer", "Timer\Timer.csproj", "{C90F9CA5-0356-4BC7-807D-251E7D398B12}"
EndProject
Project("{FAE04EC0-301F-11D3-BF4B-00C04F79EFBC}") = "Chapter10", "Chapter10\Chapter10.csproj", "{28CDAD0A-6E65-4BCF-8BA6-AF5437783054}"
EndProject
Project("{FAE04EC0-301F-11D3-BF4B-00C04F79EFBC}") = "Chapter11", "Chapter11\Chapter11.csproj", "{D616159D-4117-4986-97A9-2553218E660F}"
EndProject
Project("{FAE04EC0-301F-11D3-BF4B-00C04F79EFBC}") = "Chapter12", "Chapter12\Chapter12.csproj", "{E297B287-8E0A-437D-84FC-C07996215A6B}"
EndProject
Project("{2150E333-8FDC-42A3-9474-1A3956D46DE8}") = "Chapters", "Chapters", "{6600B430-C29F-4652-85D9-4D22E7D2D193}"
EndProject
Project("{2150E333-8FDC-42A3-9474-1A3956D46DE8}") = "Challenges", "Challenges", "{3F042631-47EC-4068-BA1F-874847ED6DFA}"
EndProject
Project("{FAE04EC0-301F-11D3-BF4B-00C04F79EFBC}") = "Chapter13", "Chapter13\Chapter13.csproj", "{1E9C97A1-5A70-437A-84E4-BBF44530E3D8}"
EndProject
Project("{FAE04EC0-301F-11D3-BF4B-00C04F79EFBC}") = "Chapter14", "Chapter14\Chapter14.csproj", "{DC84F386-5004-4425-AFAC-666546C87ADF}"
EndProject
Project("{FAE04EC0-301F-11D3-BF4B-00C04F79EFBC}") = "Chapter15", "Chapter15\Chapter15.csproj", "{B4B1206D-9F58-4772-9A61-8C0B61D1136D}"
EndProject
Project("{FAE04EC0-301F-11D3-BF4B-00C04F79EFBC}") = "Chapter16", "Chapter16\Chapter16.csproj", "{F2D2F407-F845-4676-8A30-E5BB6DC63FC6}"
EndProject
Global
	GlobalSection(SolutionConfigurationPlatforms) = preSolution
		Debug|Any CPU = Debug|Any CPU
		Debug|Mixed Platforms = Debug|Mixed Platforms
		Debug|x86 = Debug|x86
		Release|Any CPU = Release|Any CPU
		Release|Mixed Platforms = Release|Mixed Platforms
		Release|x86 = Release|x86
	EndGlobalSection
	GlobalSection(ProjectConfigurationPlatforms) = postSolution
		{6E319A24-2BA9-404A-B7A3-C3CA674C66D2}.Debug|Any CPU.ActiveCfg = Debug|x86
		{6E319A24-2BA9-404A-B7A3-C3CA674C66D2}.Debug|Mixed Platforms.ActiveCfg = Debug|x86
		{6E319A24-2BA9-404A-B7A3-C3CA674C66D2}.Debug|Mixed Platforms.Build.0 = Debug|x86
		{6E319A24-2BA9-404A-B7A3-C3CA674C66D2}.Debug|x86.ActiveCfg = Debug|x86
		{6E319A24-2BA9-404A-B7A3-C3CA674C66D2}.Debug|x86.Build.0 = Debug|x86
		{6E319A24-2BA9-404A-B7A3-C3CA674C66D2}.Release|Any CPU.ActiveCfg = Release|x86
		{6E319A24-2BA9-404A-B7A3-C3CA674C66D2}.Release|Mixed Platforms.ActiveCfg = Release|x86
		{6E319A24-2BA9-404A-B7A3-C3CA674C66D2}.Release|Mixed Platforms.Build.0 = Release|x86
		{6E319A24-2BA9-404A-B7A3-C3CA674C66D2}.Release|x86.ActiveCfg = Release|x86
		{6E319A24-2BA9-404A-B7A3-C3CA674C66D2}.Release|x86.Build.0 = Release|x86
		{D99EEC6D-0821-42D1-98C5-2945B4F6ABD2}.Debug|Any CPU.ActiveCfg = Debug|x86
		{D99EEC6D-0821-42D1-98C5-2945B4F6ABD2}.Debug|Mixed Platforms.ActiveCfg = Debug|x86
		{D99EEC6D-0821-42D1-98C5-2945B4F6ABD2}.Debug|Mixed Platforms.Build.0 = Debug|x86
		{D99EEC6D-0821-42D1-98C5-2945B4F6ABD2}.Debug|x86.ActiveCfg = Debug|x86
		{D99EEC6D-0821-42D1-98C5-2945B4F6ABD2}.Debug|x86.Build.0 = Debug|x86
		{D99EEC6D-0821-42D1-98C5-2945B4F6ABD2}.Release|Any CPU.ActiveCfg = Release|x86
		{D99EEC6D-0821-42D1-98C5-2945B4F6ABD2}.Release|Mixed Platforms.ActiveCfg = Release|x86
		{D99EEC6D-0821-42D1-98C5-2945B4F6ABD2}.Release|Mixed Platforms.Build.0 = Release|x86
		{D99EEC6D-0821-42D1-98C5-2945B4F6ABD2}.Release|x86.ActiveCfg = Release|x86
		{D99EEC6D-0821-42D1-98C5-2945B4F6ABD2}.Release|x86.Build.0 = Release|x86
		{17540DD0-B9DD-4B2C-A15D-6279F503B0B0}.Debug|Any CPU.ActiveCfg = Debug|x86
		{17540DD0-B9DD-4B2C-A15D-6279F503B0B0}.Debug|Mixed Platforms.ActiveCfg = Debug|x86
		{17540DD0-B9DD-4B2C-A15D-6279F503B0B0}.Debug|Mixed Platforms.Build.0 = Debug|x86
		{17540DD0-B9DD-4B2C-A15D-6279F503B0B0}.Debug|x86.ActiveCfg = Debug|x86
		{17540DD0-B9DD-4B2C-A15D-6279F503B0B0}.Debug|x86.Build.0 = Debug|x86
		{17540DD0-B9DD-4B2C-A15D-6279F503B0B0}.Release|Any CPU.ActiveCfg = Release|x86
		{17540DD0-B9DD-4B2C-A15D-6279F503B0B0}.Release|Mixed Platforms.ActiveCfg = Release|x86
		{17540DD0-B9DD-4B2C-A15D-6279F503B0B0}.Release|Mixed Platforms.Build.0 = Release|x86
		{17540DD0-B9DD-4B2C-A15D-6279F503B0B0}.Release|x86.ActiveCfg = Release|x86
		{17540DD0-B9DD-4B2C-A15D-6279F503B0B0}.Release|x86.Build.0 = Release|x86
		{ADDA5B29-C91E-45D0-A5C6-FBF08B58B1FA}.Debug|Any CPU.ActiveCfg = Debug|x86
		{ADDA5B29-C91E-45D0-A5C6-FBF08B58B1FA}.Debug|Mixed Platforms.ActiveCfg = Debug|x86
		{ADDA5B29-C91E-45D0-A5C6-FBF08B58B1FA}.Debug|Mixed Platforms.Build.0 = Debug|x86
		{ADDA5B29-C91E-45D0-A5C6-FBF08B58B1FA}.Debug|x86.ActiveCfg = Debug|x86
		{ADDA5B29-C91E-45D0-A5C6-FBF08B58B1FA}.Debug|x86.Build.0 = Debug|x86
		{ADDA5B29-C91E-45D0-A5C6-FBF08B58B1FA}.Release|Any CPU.ActiveCfg = Release|x86
		{ADDA5B29-C91E-45D0-A5C6-FBF08B58B1FA}.Release|Mixed Platforms.ActiveCfg = Release|x86
		{ADDA5B29-C91E-45D0-A5C6-FBF08B58B1FA}.Release|Mixed Platforms.Build.0 = Release|x86
		{ADDA5B29-C91E-45D0-A5C6-FBF08B58B1FA}.Release|x86.ActiveCfg = Release|x86
		{ADDA5B29-C91E-45D0-A5C6-FBF08B58B1FA}.Release|x86.Build.0 = Release|x86
		{D6373E86-42AB-4D97-A8A7-F2B8576E61BB}.Debug|Any CPU.ActiveCfg = Debug|x86
		{D6373E86-42AB-4D97-A8A7-F2B8576E61BB}.Debug|Mixed Platforms.ActiveCfg = Debug|x86
		{D6373E86-42AB-4D97-A8A7-F2B8576E61BB}.Debug|Mixed Platforms.Build.0 = Debug|x86
		{D6373E86-42AB-4D97-A8A7-F2B8576E61BB}.Debug|x86.ActiveCfg = Debug|x86
		{D6373E86-42AB-4D97-A8A7-F2B8576E61BB}.Debug|x86.Build.0 = Debug|x86
		{D6373E86-42AB-4D97-A8A7-F2B8576E61BB}.Release|Any CPU.ActiveCfg = Release|x86
		{D6373E86-42AB-4D97-A8A7-F2B8576E61BB}.Release|Mixed Platforms.ActiveCfg = Release|x86
		{D6373E86-42AB-4D97-A8A7-F2B8576E61BB}.Release|Mixed Platforms.Build.0 = Release|x86
		{D6373E86-42AB-4D97-A8A7-F2B8576E61BB}.Release|x86.ActiveCfg = Release|x86
		{D6373E86-42AB-4D97-A8A7-F2B8576E61BB}.Release|x86.Build.0 = Release|x86
		{4E240477-554C-4A71-936B-FB5DC4136CA5}.Debug|Any CPU.ActiveCfg = Debug|x86
		{4E240477-554C-4A71-936B-FB5DC4136CA5}.Debug|Mixed Platforms.ActiveCfg = Debug|x86
		{4E240477-554C-4A71-936B-FB5DC4136CA5}.Debug|Mixed Platforms.Build.0 = Debug|x86
		{4E240477-554C-4A71-936B-FB5DC4136CA5}.Debug|x86.ActiveCfg = Debug|x86
		{4E240477-554C-4A71-936B-FB5DC4136CA5}.Debug|x86.Build.0 = Debug|x86
		{4E240477-554C-4A71-936B-FB5DC4136CA5}.Release|Any CPU.ActiveCfg = Release|x86
		{4E240477-554C-4A71-936B-FB5DC4136CA5}.Release|Mixed Platforms.ActiveCfg = Release|x86
		{4E240477-554C-4A71-936B-FB5DC4136CA5}.Release|Mixed Platforms.Build.0 = Release|x86
		{4E240477-554C-4A71-936B-FB5DC4136CA5}.Release|x86.ActiveCfg = Release|x86
		{4E240477-554C-4A71-936B-FB5DC4136CA5}.Release|x86.Build.0 = Release|x86
		{910E0374-1735-480B-A17F-2BF087AED924}.Debug|Any CPU.ActiveCfg = Debug|x86
		{910E0374-1735-480B-A17F-2BF087AED924}.Debug|Mixed Platforms.ActiveCfg = Debug|x86
		{910E0374-1735-480B-A17F-2BF087AED924}.Debug|Mixed Platforms.Build.0 = Debug|x86
		{910E0374-1735-480B-A17F-2BF087AED924}.Debug|x86.ActiveCfg = Debug|x86
		{910E0374-1735-480B-A17F-2BF087AED924}.Debug|x86.Build.0 = Debug|x86
		{910E0374-1735-480B-A17F-2BF087AED924}.Release|Any CPU.ActiveCfg = Release|x86
		{910E0374-1735-480B-A17F-2BF087AED924}.Release|Mixed Platforms.ActiveCfg = Release|x86
		{910E0374-1735-480B-A17F-2BF087AED924}.Release|Mixed Platforms.Build.0 = Release|x86
		{910E0374-1735-480B-A17F-2BF087AED924}.Release|x86.ActiveCfg = Release|x86
		{910E0374-1735-480B-A17F-2BF087AED924}.Release|x86.Build.0 = Release|x86
		{EC9E5194-39CC-491A-9A91-C5007AB92B55}.Debug|Any CPU.ActiveCfg = Debug|x86
		{EC9E5194-39CC-491A-9A91-C5007AB92B55}.Debug|Mixed Platforms.ActiveCfg = Debug|x86
		{EC9E5194-39CC-491A-9A91-C5007AB92B55}.Debug|Mixed Platforms.Build.0 = Debug|x86
		{EC9E5194-39CC-491A-9A91-C5007AB92B55}.Debug|x86.ActiveCfg = Debug|x86
		{EC9E5194-39CC-491A-9A91-C5007AB92B55}.Debug|x86.Build.0 = Debug|x86
		{EC9E5194-39CC-491A-9A91-C5007AB92B55}.Release|Any CPU.ActiveCfg = Release|x86
		{EC9E5194-39CC-491A-9A91-C5007AB92B55}.Release|Mixed Platforms.ActiveCfg = Release|x86
		{EC9E5194-39CC-491A-9A91-C5007AB92B55}.Release|Mixed Platforms.Build.0 = Release|x86
		{EC9E5194-39CC-491A-9A91-C5007AB92B55}.Release|x86.ActiveCfg = Release|x86
		{EC9E5194-39CC-491A-9A91-C5007AB92B55}.Release|x86.Build.0 = Release|x86
		{132794C9-2780-42EB-87F5-BF351C31D690}.Debug|Any CPU.ActiveCfg = Debug|x86
		{132794C9-2780-42EB-87F5-BF351C31D690}.Debug|Mixed Platforms.ActiveCfg = Debug|x86
		{132794C9-2780-42EB-87F5-BF351C31D690}.Debug|Mixed Platforms.Build.0 = Debug|x86
		{132794C9-2780-42EB-87F5-BF351C31D690}.Debug|x86.ActiveCfg = Debug|x86
		{132794C9-2780-42EB-87F5-BF351C31D690}.Debug|x86.Build.0 = Debug|x86
		{132794C9-2780-42EB-87F5-BF351C31D690}.Release|Any CPU.ActiveCfg = Release|x86
		{132794C9-2780-42EB-87F5-BF351C31D690}.Release|Mixed Platforms.ActiveCfg = Release|x86
		{132794C9-2780-42EB-87F5-BF351C31D690}.Release|Mixed Platforms.Build.0 = Release|x86
		{132794C9-2780-42EB-87F5-BF351C31D690}.Release|x86.ActiveCfg = Release|x86
		{132794C9-2780-42EB-87F5-BF351C31D690}.Release|x86.Build.0 = Release|x86
		{76A0B9E3-CCA0-4940-A6EA-B83E5D3C40C7}.Debug|Any CPU.ActiveCfg = Debug|x86
		{76A0B9E3-CCA0-4940-A6EA-B83E5D3C40C7}.Debug|Mixed Platforms.ActiveCfg = Debug|x86
		{76A0B9E3-CCA0-4940-A6EA-B83E5D3C40C7}.Debug|Mixed Platforms.Build.0 = Debug|x86
		{76A0B9E3-CCA0-4940-A6EA-B83E5D3C40C7}.Debug|x86.ActiveCfg = Debug|x86
		{76A0B9E3-CCA0-4940-A6EA-B83E5D3C40C7}.Debug|x86.Build.0 = Debug|x86
		{76A0B9E3-CCA0-4940-A6EA-B83E5D3C40C7}.Release|Any CPU.ActiveCfg = Release|x86
		{76A0B9E3-CCA0-4940-A6EA-B83E5D3C40C7}.Release|Mixed Platforms.ActiveCfg = Release|x86
		{76A0B9E3-CCA0-4940-A6EA-B83E5D3C40C7}.Release|Mixed Platforms.Build.0 = Release|x86
		{76A0B9E3-CCA0-4940-A6EA-B83E5D3C40C7}.Release|x86.ActiveCfg = Release|x86
		{76A0B9E3-CCA0-4940-A6EA-B83E5D3C40C7}.Release|x86.Build.0 = Release|x86
		{681C30A7-E32C-4E06-8DCB-57763077FE9C}.Debug|Any CPU.ActiveCfg = Debug|x86
		{681C30A7-E32C-4E06-8DCB-57763077FE9C}.Debug|Mixed Platforms.ActiveCfg = Debug|x86
		{681C30A7-E32C-4E06-8DCB-57763077FE9C}.Debug|Mixed Platforms.Build.0 = Debug|x86
		{681C30A7-E32C-4E06-8DCB-57763077FE9C}.Debug|x86.ActiveCfg = Debug|x86
		{681C30A7-E32C-4E06-8DCB-57763077FE9C}.Debug|x86.Build.0 = Debug|x86
		{681C30A7-E32C-4E06-8DCB-57763077FE9C}.Release|Any CPU.ActiveCfg = Release|x86
		{681C30A7-E32C-4E06-8DCB-57763077FE9C}.Release|Mixed Platforms.ActiveCfg = Release|x86
		{681C30A7-E32C-4E06-8DCB-57763077FE9C}.Release|Mixed Platforms.Build.0 = Release|x86
		{681C30A7-E32C-4E06-8DCB-57763077FE9C}.Release|x86.ActiveCfg = Release|x86
		{681C30A7-E32C-4E06-8DCB-57763077FE9C}.Release|x86.Build.0 = Release|x86
		{C90F9CA5-0356-4BC7-807D-251E7D398B12}.Debug|Any CPU.ActiveCfg = Debug|x86
		{C90F9CA5-0356-4BC7-807D-251E7D398B12}.Debug|Mixed Platforms.ActiveCfg = Debug|x86
		{C90F9CA5-0356-4BC7-807D-251E7D398B12}.Debug|Mixed Platforms.Build.0 = Debug|x86
		{C90F9CA5-0356-4BC7-807D-251E7D398B12}.Debug|x86.ActiveCfg = Debug|x86
		{C90F9CA5-0356-4BC7-807D-251E7D398B12}.Debug|x86.Build.0 = Debug|x86
		{C90F9CA5-0356-4BC7-807D-251E7D398B12}.Release|Any CPU.ActiveCfg = Release|x86
		{C90F9CA5-0356-4BC7-807D-251E7D398B12}.Release|Mixed Platforms.ActiveCfg = Release|x86
		{C90F9CA5-0356-4BC7-807D-251E7D398B12}.Release|Mixed Platforms.Build.0 = Release|x86
		{C90F9CA5-0356-4BC7-807D-251E7D398B12}.Release|x86.ActiveCfg = Release|x86
		{C90F9CA5-0356-4BC7-807D-251E7D398B12}.Release|x86.Build.0 = Release|x86
		{28CDAD0A-6E65-4BCF-8BA6-AF5437783054}.Debug|Any CPU.ActiveCfg = Debug|x86
		{28CDAD0A-6E65-4BCF-8BA6-AF5437783054}.Debug|Mixed Platforms.ActiveCfg = Debug|x86
		{28CDAD0A-6E65-4BCF-8BA6-AF5437783054}.Debug|Mixed Platforms.Build.0 = Debug|x86
		{28CDAD0A-6E65-4BCF-8BA6-AF5437783054}.Debug|x86.ActiveCfg = Debug|x86
		{28CDAD0A-6E65-4BCF-8BA6-AF5437783054}.Debug|x86.Build.0 = Debug|x86
		{28CDAD0A-6E65-4BCF-8BA6-AF5437783054}.Release|Any CPU.ActiveCfg = Release|x86
		{28CDAD0A-6E65-4BCF-8BA6-AF5437783054}.Release|Mixed Platforms.ActiveCfg = Release|x86
		{28CDAD0A-6E65-4BCF-8BA6-AF5437783054}.Release|Mixed Platforms.Build.0 = Release|x86
		{28CDAD0A-6E65-4BCF-8BA6-AF5437783054}.Release|x86.ActiveCfg = Release|x86
		{28CDAD0A-6E65-4BCF-8BA6-AF5437783054}.Release|x86.Build.0 = Release|x86
		{D616159D-4117-4986-97A9-2553218E660F}.Debug|Any CPU.ActiveCfg = Debug|x86
		{D616159D-4117-4986-97A9-2553218E660F}.Debug|Mixed Platforms.ActiveCfg = Debug|x86
		{D616159D-4117-4986-97A9-2553218E660F}.Debug|Mixed Platforms.Build.0 = Debug|x86
		{D616159D-4117-4986-97A9-2553218E660F}.Debug|x86.ActiveCfg = Debug|x86
		{D616159D-4117-4986-97A9-2553218E660F}.Debug|x86.Build.0 = Debug|x86
		{D616159D-4117-4986-97A9-2553218E660F}.Release|Any CPU.ActiveCfg = Release|x86
		{D616159D-4117-4986-97A9-2553218E660F}.Release|Mixed Platforms.ActiveCfg = Release|x86
		{D616159D-4117-4986-97A9-2553218E660F}.Release|Mixed Platforms.Build.0 = Release|x86
		{D616159D-4117-4986-97A9-2553218E660F}.Release|x86.ActiveCfg = Release|x86
		{D616159D-4117-4986-97A9-2553218E660F}.Release|x86.Build.0 = Release|x86
		{E297B287-8E0A-437D-84FC-C07996215A6B}.Debug|Any CPU.ActiveCfg = Debug|x86
		{E297B287-8E0A-437D-84FC-C07996215A6B}.Debug|Mixed Platforms.ActiveCfg = Debug|x86
		{E297B287-8E0A-437D-84FC-C07996215A6B}.Debug|Mixed Platforms.Build.0 = Debug|x86
		{E297B287-8E0A-437D-84FC-C07996215A6B}.Debug|x86.ActiveCfg = Debug|x86
		{E297B287-8E0A-437D-84FC-C07996215A6B}.Debug|x86.Build.0 = Debug|x86
		{E297B287-8E0A-437D-84FC-C07996215A6B}.Release|Any CPU.ActiveCfg = Release|x86
		{E297B287-8E0A-437D-84FC-C07996215A6B}.Release|Mixed Platforms.ActiveCfg = Release|x86
		{E297B287-8E0A-437D-84FC-C07996215A6B}.Release|Mixed Platforms.Build.0 = Release|x86
		{E297B287-8E0A-437D-84FC-C07996215A6B}.Release|x86.ActiveCfg = Release|x86
		{E297B287-8E0A-437D-84FC-C07996215A6B}.Release|x86.Build.0 = Release|x86
		{1E9C97A1-5A70-437A-84E4-BBF44530E3D8}.Debug|Any CPU.ActiveCfg = Debug|x86
		{1E9C97A1-5A70-437A-84E4-BBF44530E3D8}.Debug|Mixed Platforms.ActiveCfg = Debug|x86
		{1E9C97A1-5A70-437A-84E4-BBF44530E3D8}.Debug|Mixed Platforms.Build.0 = Debug|x86
		{1E9C97A1-5A70-437A-84E4-BBF44530E3D8}.Debug|x86.ActiveCfg = Debug|x86
		{1E9C97A1-5A70-437A-84E4-BBF44530E3D8}.Debug|x86.Build.0 = Debug|x86
		{1E9C97A1-5A70-437A-84E4-BBF44530E3D8}.Release|Any CPU.ActiveCfg = Release|x86
		{1E9C97A1-5A70-437A-84E4-BBF44530E3D8}.Release|Mixed Platforms.ActiveCfg = Release|x86
		{1E9C97A1-5A70-437A-84E4-BBF44530E3D8}.Release|Mixed Platforms.Build.0 = Release|x86
		{1E9C97A1-5A70-437A-84E4-BBF44530E3D8}.Release|x86.ActiveCfg = Release|x86
		{1E9C97A1-5A70-437A-84E4-BBF44530E3D8}.Release|x86.Build.0 = Release|x86
		{DC84F386-5004-4425-AFAC-666546C87ADF}.Debug|Any CPU.ActiveCfg = Debug|x86
		{DC84F386-5004-4425-AFAC-666546C87ADF}.Debug|Mixed Platforms.ActiveCfg = Debug|x86
		{DC84F386-5004-4425-AFAC-666546C87ADF}.Debug|Mixed Platforms.Build.0 = Debug|x86
		{DC84F386-5004-4425-AFAC-666546C87ADF}.Debug|x86.ActiveCfg = Debug|x86
		{DC84F386-5004-4425-AFAC-666546C87ADF}.Debug|x86.Build.0 = Debug|x86
		{DC84F386-5004-4425-AFAC-666546C87ADF}.Release|Any CPU.ActiveCfg = Release|x86
		{DC84F386-5004-4425-AFAC-666546C87ADF}.Release|Mixed Platforms.ActiveCfg = Release|x86
		{DC84F386-5004-4425-AFAC-666546C87ADF}.Release|Mixed Platforms.Build.0 = Release|x86
		{DC84F386-5004-4425-AFAC-666546C87ADF}.Release|x86.ActiveCfg = Release|x86
		{DC84F386-5004-4425-AFAC-666546C87ADF}.Release|x86.Build.0 = Release|x86
		{B4B1206D-9F58-4772-9A61-8C0B61D1136D}.Debug|Any CPU.ActiveCfg = Debug|Any CPU
		{B4B1206D-9F58-4772-9A61-8C0B61D1136D}.Debug|Any CPU.Build.0 = Debug|Any CPU
		{B4B1206D-9F58-4772-9A61-8C0B61D1136D}.Debug|Mixed Platforms.ActiveCfg = Debug|Any CPU
		{B4B1206D-9F58-4772-9A61-8C0B61D1136D}.Debug|Mixed Platforms.Build.0 = Debug|Any CPU
		{B4B1206D-9F58-4772-9A61-8C0B61D1136D}.Debug|x86.ActiveCfg = Debug|Any CPU
		{B4B1206D-9F58-4772-9A61-8C0B61D1136D}.Release|Any CPU.ActiveCfg = Release|Any CPU
		{B4B1206D-9F58-4772-9A61-8C0B61D1136D}.Release|Any CPU.Build.0 = Release|Any CPU
		{B4B1206D-9F58-4772-9A61-8C0B61D1136D}.Release|Mixed Platforms.ActiveCfg = Release|Any CPU
		{B4B1206D-9F58-4772-9A61-8C0B61D1136D}.Release|Mixed Platforms.Build.0 = Release|Any CPU
		{B4B1206D-9F58-4772-9A61-8C0B61D1136D}.Release|x86.ActiveCfg = Release|Any CPU
		{F2D2F407-F845-4676-8A30-E5BB6DC63FC6}.Debug|Any CPU.ActiveCfg = Debug|Any CPU
		{F2D2F407-F845-4676-8A30-E5BB6DC63FC6}.Debug|Any CPU.Build.0 = Debug|Any CPU
		{F2D2F407-F845-4676-8A30-E5BB6DC63FC6}.Debug|Mixed Platforms.ActiveCfg = Debug|Any CPU
		{F2D2F407-F845-4676-8A30-E5BB6DC63FC6}.Debug|Mixed Platforms.Build.0 = Debug|Any CPU
		{F2D2F407-F845-4676-8A30-E5BB6DC63FC6}.Debug|x86.ActiveCfg = Debug|Any CPU
		{F2D2F407-F845-4676-8A30-E5BB6DC63FC6}.Release|Any CPU.ActiveCfg = Release|Any CPU
		{F2D2F407-F845-4676-8A30-E5BB6DC63FC6}.Release|Any CPU.Build.0 = Release|Any CPU
		{F2D2F407-F845-4676-8A30-E5BB6DC63FC6}.Release|Mixed Platforms.ActiveCfg = Release|Any CPU
		{F2D2F407-F845-4676-8A30-E5BB6DC63FC6}.Release|Mixed Platforms.Build.0 = Release|Any CPU
		{F2D2F407-F845-4676-8A30-E5BB6DC63FC6}.Release|x86.ActiveCfg = Release|Any CPU
	EndGlobalSection
	GlobalSection(SolutionProperties) = preSolution
		HideSolutionNode = FALSE
	EndGlobalSection
	GlobalSection(NestedProjects) = preSolution
		{D99EEC6D-0821-42D1-98C5-2945B4F6ABD2} = {214B6B1E-51C6-43F5-8082-4F4A660E8B94}
		{6E319A24-2BA9-404A-B7A3-C3CA674C66D2} = {214B6B1E-51C6-43F5-8082-4F4A660E8B94}
		{17540DD0-B9DD-4B2C-A15D-6279F503B0B0} = {214B6B1E-51C6-43F5-8082-4F4A660E8B94}
		{C90F9CA5-0356-4BC7-807D-251E7D398B12} = {214B6B1E-51C6-43F5-8082-4F4A660E8B94}
		{D6373E86-42AB-4D97-A8A7-F2B8576E61BB} = {6600B430-C29F-4652-85D9-4D22E7D2D193}
		{4E240477-554C-4A71-936B-FB5DC4136CA5} = {6600B430-C29F-4652-85D9-4D22E7D2D193}
		{910E0374-1735-480B-A17F-2BF087AED924} = {6600B430-C29F-4652-85D9-4D22E7D2D193}
		{EC9E5194-39CC-491A-9A91-C5007AB92B55} = {6600B430-C29F-4652-85D9-4D22E7D2D193}
		{76A0B9E3-CCA0-4940-A6EA-B83E5D3C40C7} = {6600B430-C29F-4652-85D9-4D22E7D2D193}
		{28CDAD0A-6E65-4BCF-8BA6-AF5437783054} = {6600B430-C29F-4652-85D9-4D22E7D2D193}
		{D616159D-4117-4986-97A9-2553218E660F} = {6600B430-C29F-4652-85D9-4D22E7D2D193}
		{E297B287-8E0A-437D-84FC-C07996215A6B} = {6600B430-C29F-4652-85D9-4D22E7D2D193}
		{ADDA5B29-C91E-45D0-A5C6-FBF08B58B1FA} = {6600B430-C29F-4652-85D9-4D22E7D2D193}
		{1E9C97A1-5A70-437A-84E4-BBF44530E3D8} = {6600B430-C29F-4652-85D9-4D22E7D2D193}
		{DC84F386-5004-4425-AFAC-666546C87ADF} = {6600B430-C29F-4652-85D9-4D22E7D2D193}
		{B4B1206D-9F58-4772-9A61-8C0B61D1136D} = {6600B430-C29F-4652-85D9-4D22E7D2D193}
		{F2D2F407-F845-4676-8A30-E5BB6DC63FC6} = {6600B430-C29F-4652-85D9-4D22E7D2D193}
		{681C30A7-E32C-4E06-8DCB-57763077FE9C} = {3F042631-47EC-4068-BA1F-874847ED6DFA}
		{132794C9-2780-42EB-87F5-BF351C31D690} = {3F042631-47EC-4068-BA1F-874847ED6DFA}
	EndGlobalSection
EndGlobal
