
Microsoft Visual Studio Solution File, Format Version 12.00
# Visual Studio 2012
Project("{FAE04EC0-301F-11D3-BF4B-00C04F79EFBC}") = "week1", "week1\week1.csproj", "{6E319A24-2BA9-404A-B7A3-C3CA674C66D2}"
EndProject
Project("{FAE04EC0-301F-11D3-BF4B-00C04F79EFBC}") = "LibraryExample", "LibraryExample\LibraryExample.csproj", "{D99EEC6D-0821-42D1-98C5-2945B4F6ABD2}"
EndProject
Project("{2150E333-8FDC-42A3-9474-1A3956D46DE8}") = "OtherStuff", "OtherStuff", "{214B6B1E-51C6-43F5-8082-4F4A660E8B94}"
EndProject
Project("{FAE04EC0-301F-11D3-BF4B-00C04F79EFBC}") = "ConsoleApplicationExample", "ConsoleApplicationExample\ConsoleApplicationExample.csproj", "{17540DD0-B9DD-4B2C-A15D-6279F503B0B0}"
EndProject
Project("{2150E333-8FDC-42A3-9474-1A3956D46DE8}") = "Chapter3", "Chapter3", "{6E564CDF-B7BF-400B-AC00-E047D68A2EE9}"
EndProject
Project("{FAE04EC0-301F-11D3-BF4B-00C04F79EFBC}") = "Chapter3", "Chapter3\Chapter3.csproj", "{ADDA5B29-C91E-45D0-A5C6-FBF08B58B1FA}"
EndProject
Project("{2150E333-8FDC-42A3-9474-1A3956D46DE8}") = "Chapter4", "Chapter4", "{410D1F10-28CF-44E5-92EE-B7E37001CBBB}"
EndProject
Project("{FAE04EC0-301F-11D3-BF4B-00C04F79EFBC}") = "Chapter4", "Chapter4\Chapter4.csproj", "{D6373E86-42AB-4D97-A8A7-F2B8576E61BB}"
EndProject
Project("{2150E333-8FDC-42A3-9474-1A3956D46DE8}") = "Chapter5", "Chapter5", "{3BB164B4-D509-4455-BA1A-343ECE190EBC}"
EndProject
Project("{FAE04EC0-301F-11D3-BF4B-00C04F79EFBC}") = "Chapter5", "Chapter5\Chapter5.csproj", "{4E240477-554C-4A71-936B-FB5DC4136CA5}"
EndProject
Project("{2150E333-8FDC-42A3-9474-1A3956D46DE8}") = "Chapter6", "Chapter6", "{FD8AD267-A561-4581-8E8D-493E28DCDBB0}"
EndProject
Project("{FAE04EC0-301F-11D3-BF4B-00C04F79EFBC}") = "Chapter6", "Chapter6\Chapter6.csproj", "{910E0374-1735-480B-A17F-2BF087AED924}"
EndProject
Project("{2150E333-8FDC-42A3-9474-1A3956D46DE8}") = "Chapter7", "Chapter7", "{84B7872E-3533-4567-ADD7-8B429984F98E}"
EndProject
Project("{FAE04EC0-301F-11D3-BF4B-00C04F79EFBC}") = "Chapter7", "Chapter7\Chapter7.csproj", "{EC9E5194-39CC-491A-9A91-C5007AB92B55}"
EndProject
Project("{FAE04EC0-301F-11D3-BF4B-00C04F79EFBC}") = "Challenge1", "Challenge1\Challenge1.csproj", "{132794C9-2780-42EB-87F5-BF351C31D690}"
EndProject
Project("{2150E333-8FDC-42A3-9474-1A3956D46DE8}") = "Challenges", "Challenges", "{2E41733E-847E-47F6-9321-2DD94F7811E9}"
EndProject
Project("{2150E333-8FDC-42A3-9474-1A3956D46DE8}") = "Chapter8", "Chapter8", "{961CE85F-FB26-42C8-813F-C3C98E209144}"
EndProject
Project("{FAE04EC0-301F-11D3-BF4B-00C04F79EFBC}") = "Chapter8", "Chapter8\Chapter8.csproj", "{76A0B9E3-CCA0-4940-A6EA-B83E5D3C40C7}"
EndProject
Project("{FAE04EC0-301F-11D3-BF4B-00C04F79EFBC}") = "Challenge2", "Challenge2\Challenge2.csproj", "{681C30A7-E32C-4E06-8DCB-57763077FE9C}"
EndProject
Project("{FAE04EC0-301F-11D3-BF4B-00C04F79EFBC}") = "Timer", "Timer\Timer.csproj", "{C90F9CA5-0356-4BC7-807D-251E7D398B12}"
EndProject
Project("{2150E333-8FDC-42A3-9474-1A3956D46DE8}") = "Chapter10", "Chapter10", "{9A5A2C79-B07C-4A56-8BD8-2337AC428F5D}"
EndProject
Project("{FAE04EC0-301F-11D3-BF4B-00C04F79EFBC}") = "Chapter10", "Chapter10\Chapter10.csproj", "{28CDAD0A-6E65-4BCF-8BA6-AF5437783054}"
EndProject
Project("{FAE04EC0-301F-11D3-BF4B-00C04F79EFBC}") = "Chapter11", "Chapter11\Chapter11.csproj", "{D616159D-4117-4986-97A9-2553218E660F}"
EndProject
Project("{2150E333-8FDC-42A3-9474-1A3956D46DE8}") = "Chapter11", "Chapter11", "{FBEE4695-DDC3-4ECE-9FA9-41D0158C350B}"
EndProject
Project("{2150E333-8FDC-42A3-9474-1A3956D46DE8}") = "Chapter12", "Chapter12", "{798958C5-039D-43AF-827D-CDEF0AA822E5}"
EndProject
Project("{FAE04EC0-301F-11D3-BF4B-00C04F79EFBC}") = "Chapter12", "Chapter12\Chapter12.csproj", "{E297B287-8E0A-437D-84FC-C07996215A6B}"
EndProject
Global
	GlobalSection(SolutionConfigurationPlatforms) = preSolution
		Debug|x86 = Debug|x86
		Release|x86 = Release|x86
	EndGlobalSection
	GlobalSection(ProjectConfigurationPlatforms) = postSolution
		{6E319A24-2BA9-404A-B7A3-C3CA674C66D2}.Debug|x86.ActiveCfg = Debug|x86
		{6E319A24-2BA9-404A-B7A3-C3CA674C66D2}.Debug|x86.Build.0 = Debug|x86
		{6E319A24-2BA9-404A-B7A3-C3CA674C66D2}.Release|x86.ActiveCfg = Release|x86
		{6E319A24-2BA9-404A-B7A3-C3CA674C66D2}.Release|x86.Build.0 = Release|x86
		{D99EEC6D-0821-42D1-98C5-2945B4F6ABD2}.Debug|x86.ActiveCfg = Debug|x86
		{D99EEC6D-0821-42D1-98C5-2945B4F6ABD2}.Debug|x86.Build.0 = Debug|x86
		{D99EEC6D-0821-42D1-98C5-2945B4F6ABD2}.Release|x86.ActiveCfg = Release|x86
		{D99EEC6D-0821-42D1-98C5-2945B4F6ABD2}.Release|x86.Build.0 = Release|x86
		{17540DD0-B9DD-4B2C-A15D-6279F503B0B0}.Debug|x86.ActiveCfg = Debug|x86
		{17540DD0-B9DD-4B2C-A15D-6279F503B0B0}.Debug|x86.Build.0 = Debug|x86
		{17540DD0-B9DD-4B2C-A15D-6279F503B0B0}.Release|x86.ActiveCfg = Release|x86
		{17540DD0-B9DD-4B2C-A15D-6279F503B0B0}.Release|x86.Build.0 = Release|x86
		{ADDA5B29-C91E-45D0-A5C6-FBF08B58B1FA}.Debug|x86.ActiveCfg = Debug|x86
		{ADDA5B29-C91E-45D0-A5C6-FBF08B58B1FA}.Debug|x86.Build.0 = Debug|x86
		{ADDA5B29-C91E-45D0-A5C6-FBF08B58B1FA}.Release|x86.ActiveCfg = Release|x86
		{ADDA5B29-C91E-45D0-A5C6-FBF08B58B1FA}.Release|x86.Build.0 = Release|x86
		{D6373E86-42AB-4D97-A8A7-F2B8576E61BB}.Debug|x86.ActiveCfg = Debug|x86
		{D6373E86-42AB-4D97-A8A7-F2B8576E61BB}.Debug|x86.Build.0 = Debug|x86
		{D6373E86-42AB-4D97-A8A7-F2B8576E61BB}.Release|x86.ActiveCfg = Release|x86
		{D6373E86-42AB-4D97-A8A7-F2B8576E61BB}.Release|x86.Build.0 = Release|x86
		{4E240477-554C-4A71-936B-FB5DC4136CA5}.Debug|x86.ActiveCfg = Debug|x86
		{4E240477-554C-4A71-936B-FB5DC4136CA5}.Debug|x86.Build.0 = Debug|x86
		{4E240477-554C-4A71-936B-FB5DC4136CA5}.Release|x86.ActiveCfg = Release|x86
		{4E240477-554C-4A71-936B-FB5DC4136CA5}.Release|x86.Build.0 = Release|x86
		{910E0374-1735-480B-A17F-2BF087AED924}.Debug|x86.ActiveCfg = Debug|x86
		{910E0374-1735-480B-A17F-2BF087AED924}.Debug|x86.Build.0 = Debug|x86
		{910E0374-1735-480B-A17F-2BF087AED924}.Release|x86.ActiveCfg = Release|x86
		{910E0374-1735-480B-A17F-2BF087AED924}.Release|x86.Build.0 = Release|x86
		{EC9E5194-39CC-491A-9A91-C5007AB92B55}.Debug|x86.ActiveCfg = Debug|x86
		{EC9E5194-39CC-491A-9A91-C5007AB92B55}.Debug|x86.Build.0 = Debug|x86
		{EC9E5194-39CC-491A-9A91-C5007AB92B55}.Release|x86.ActiveCfg = Release|x86
		{EC9E5194-39CC-491A-9A91-C5007AB92B55}.Release|x86.Build.0 = Release|x86
		{132794C9-2780-42EB-87F5-BF351C31D690}.Debug|x86.ActiveCfg = Debug|x86
		{132794C9-2780-42EB-87F5-BF351C31D690}.Debug|x86.Build.0 = Debug|x86
		{132794C9-2780-42EB-87F5-BF351C31D690}.Release|x86.ActiveCfg = Release|x86
		{132794C9-2780-42EB-87F5-BF351C31D690}.Release|x86.Build.0 = Release|x86
		{76A0B9E3-CCA0-4940-A6EA-B83E5D3C40C7}.Debug|x86.ActiveCfg = Debug|x86
		{76A0B9E3-CCA0-4940-A6EA-B83E5D3C40C7}.Debug|x86.Build.0 = Debug|x86
		{76A0B9E3-CCA0-4940-A6EA-B83E5D3C40C7}.Release|x86.ActiveCfg = Release|x86
		{76A0B9E3-CCA0-4940-A6EA-B83E5D3C40C7}.Release|x86.Build.0 = Release|x86
		{681C30A7-E32C-4E06-8DCB-57763077FE9C}.Debug|x86.ActiveCfg = Debug|x86
		{681C30A7-E32C-4E06-8DCB-57763077FE9C}.Debug|x86.Build.0 = Debug|x86
		{681C30A7-E32C-4E06-8DCB-57763077FE9C}.Release|x86.ActiveCfg = Release|x86
		{681C30A7-E32C-4E06-8DCB-57763077FE9C}.Release|x86.Build.0 = Release|x86
		{C90F9CA5-0356-4BC7-807D-251E7D398B12}.Debug|x86.ActiveCfg = Debug|x86
		{C90F9CA5-0356-4BC7-807D-251E7D398B12}.Debug|x86.Build.0 = Debug|x86
		{C90F9CA5-0356-4BC7-807D-251E7D398B12}.Release|x86.ActiveCfg = Release|x86
		{C90F9CA5-0356-4BC7-807D-251E7D398B12}.Release|x86.Build.0 = Release|x86
		{28CDAD0A-6E65-4BCF-8BA6-AF5437783054}.Debug|x86.ActiveCfg = Debug|x86
		{28CDAD0A-6E65-4BCF-8BA6-AF5437783054}.Debug|x86.Build.0 = Debug|x86
		{28CDAD0A-6E65-4BCF-8BA6-AF5437783054}.Release|x86.ActiveCfg = Release|x86
		{28CDAD0A-6E65-4BCF-8BA6-AF5437783054}.Release|x86.Build.0 = Release|x86
		{D616159D-4117-4986-97A9-2553218E660F}.Debug|x86.ActiveCfg = Debug|x86
		{D616159D-4117-4986-97A9-2553218E660F}.Debug|x86.Build.0 = Debug|x86
		{D616159D-4117-4986-97A9-2553218E660F}.Release|x86.ActiveCfg = Release|x86
		{D616159D-4117-4986-97A9-2553218E660F}.Release|x86.Build.0 = Release|x86
		{E297B287-8E0A-437D-84FC-C07996215A6B}.Debug|x86.ActiveCfg = Debug|x86
		{E297B287-8E0A-437D-84FC-C07996215A6B}.Debug|x86.Build.0 = Debug|x86
		{E297B287-8E0A-437D-84FC-C07996215A6B}.Release|x86.ActiveCfg = Release|x86
		{E297B287-8E0A-437D-84FC-C07996215A6B}.Release|x86.Build.0 = Release|x86
	EndGlobalSection
	GlobalSection(SolutionProperties) = preSolution
		HideSolutionNode = FALSE
	EndGlobalSection
	GlobalSection(NestedProjects) = preSolution
		{D99EEC6D-0821-42D1-98C5-2945B4F6ABD2} = {214B6B1E-51C6-43F5-8082-4F4A660E8B94}
		{C90F9CA5-0356-4BC7-807D-251E7D398B12} = {214B6B1E-51C6-43F5-8082-4F4A660E8B94}
		{ADDA5B29-C91E-45D0-A5C6-FBF08B58B1FA} = {6E564CDF-B7BF-400B-AC00-E047D68A2EE9}
		{D6373E86-42AB-4D97-A8A7-F2B8576E61BB} = {410D1F10-28CF-44E5-92EE-B7E37001CBBB}
		{4E240477-554C-4A71-936B-FB5DC4136CA5} = {3BB164B4-D509-4455-BA1A-343ECE190EBC}
		{910E0374-1735-480B-A17F-2BF087AED924} = {FD8AD267-A561-4581-8E8D-493E28DCDBB0}
		{EC9E5194-39CC-491A-9A91-C5007AB92B55} = {84B7872E-3533-4567-ADD7-8B429984F98E}
		{132794C9-2780-42EB-87F5-BF351C31D690} = {2E41733E-847E-47F6-9321-2DD94F7811E9}
		{681C30A7-E32C-4E06-8DCB-57763077FE9C} = {2E41733E-847E-47F6-9321-2DD94F7811E9}
		{76A0B9E3-CCA0-4940-A6EA-B83E5D3C40C7} = {961CE85F-FB26-42C8-813F-C3C98E209144}
		{28CDAD0A-6E65-4BCF-8BA6-AF5437783054} = {9A5A2C79-B07C-4A56-8BD8-2337AC428F5D}
		{D616159D-4117-4986-97A9-2553218E660F} = {FBEE4695-DDC3-4ECE-9FA9-41D0158C350B}
		{E297B287-8E0A-437D-84FC-C07996215A6B} = {798958C5-039D-43AF-827D-CDEF0AA822E5}
	EndGlobalSection
EndGlobal
